
Microsoft Visual Studio Solution File, Format Version 12.00
# Visual Studio Version 17
VisualStudioVersion = 17.9.34728.123
MinimumVisualStudioVersion = 10.0.40219.1
Project("{FAE04EC0-301F-11D3-BF4B-00C04F79EFBC}") = "EcouzTourism", "EcouzTourism\EcouzTourism.csproj", "{68D2B05F-7C8A-4926-BA44-AC8596B8AD20}"
EndProject
Global
	GlobalSection(SolutionConfigurationPlatforms) = preSolution
		Debug|Any CPU = Debug|Any CPU
		Release|Any CPU = Release|Any CPU
	EndGlobalSection
	GlobalSection(ProjectConfigurationPlatforms) = postSolution
		{68D2B05F-7C8A-4926-BA44-AC8596B8AD20}.Debug|Any CPU.ActiveCfg = Debug|Any CPU
		{68D2B05F-7C8A-4926-BA44-AC8596B8AD20}.Debug|Any CPU.Build.0 = Debug|Any CPU
		{68D2B05F-7C8A-4926-BA44-AC8596B8AD20}.Release|Any CPU.ActiveCfg = Release|Any CPU
		{68D2B05F-7C8A-4926-BA44-AC8596B8AD20}.Release|Any CPU.Build.0 = Release|Any CPU
	EndGlobalSection
	GlobalSection(SolutionProperties) = preSolution
		HideSolutionNode = FALSE
	EndGlobalSection
	GlobalSection(ExtensibilityGlobals) = postSolution
		SolutionGuid = {89C377F2-09EF-4DA0-BABB-1F6A1A6EAFB4}
	EndGlobalSection
EndGlobal
